
Microsoft Visual Studio Solution File, Format Version 12.00
# Visual Studio Version 16
VisualStudioVersion = 16.0.30011.22
MinimumVisualStudioVersion = 10.0.40219.1
Project("{9A19103F-16F7-4668-BE54-9A1E7A4F7556}") = "ITCREWS", "ITCREWS\ITCREWS.csproj", "{EF29A684-9FB8-473F-9842-0E1C50A79CE6}"
EndProject
Project("{9A19103F-16F7-4668-BE54-9A1E7A4F7556}") = "CrewService", "CrewService\CrewService.csproj", "{386FED08-C521-4878-9744-68CDD834EC54}"
EndProject
Project("{9A19103F-16F7-4668-BE54-9A1E7A4F7556}") = "CrewRepository", "CrewRepository\CrewRepository.csproj", "{68ED50A5-2051-4531-A69C-1BBA2A287392}"
EndProject
Project("{9A19103F-16F7-4668-BE54-9A1E7A4F7556}") = "CrewModel", "CrewModel\CrewModel.csproj", "{1EFEC98E-B7A9-496D-882B-767FB7B5C5CA}"
EndProject
Project("{FAE04EC0-301F-11D3-BF4B-00C04F79EFBC}") = "Shared", "Shared\Shared.csproj", "{46E1A53C-9BAB-4D98-A0E5-8971F70A0ED3}"
EndProject
Project("{FAE04EC0-301F-11D3-BF4B-00C04F79EFBC}") = "CrewCore", "CrewCore\CrewCore.csproj", "{BF2CB8C5-A381-4C03-97AB-32BB5BCF4825}"
EndProject
Global
	GlobalSection(SolutionConfigurationPlatforms) = preSolution
		Debug|Any CPU = Debug|Any CPU
		Release|Any CPU = Release|Any CPU
	EndGlobalSection
	GlobalSection(ProjectConfigurationPlatforms) = postSolution
		{EF29A684-9FB8-473F-9842-0E1C50A79CE6}.Debug|Any CPU.ActiveCfg = Debug|Any CPU
		{EF29A684-9FB8-473F-9842-0E1C50A79CE6}.Debug|Any CPU.Build.0 = Debug|Any CPU
		{EF29A684-9FB8-473F-9842-0E1C50A79CE6}.Release|Any CPU.ActiveCfg = Release|Any CPU
		{EF29A684-9FB8-473F-9842-0E1C50A79CE6}.Release|Any CPU.Build.0 = Release|Any CPU
		{386FED08-C521-4878-9744-68CDD834EC54}.Debug|Any CPU.ActiveCfg = Debug|Any CPU
		{386FED08-C521-4878-9744-68CDD834EC54}.Debug|Any CPU.Build.0 = Debug|Any CPU
		{386FED08-C521-4878-9744-68CDD834EC54}.Release|Any CPU.ActiveCfg = Release|Any CPU
		{386FED08-C521-4878-9744-68CDD834EC54}.Release|Any CPU.Build.0 = Release|Any CPU
		{68ED50A5-2051-4531-A69C-1BBA2A287392}.Debug|Any CPU.ActiveCfg = Debug|Any CPU
		{68ED50A5-2051-4531-A69C-1BBA2A287392}.Debug|Any CPU.Build.0 = Debug|Any CPU
		{68ED50A5-2051-4531-A69C-1BBA2A287392}.Release|Any CPU.ActiveCfg = Release|Any CPU
		{68ED50A5-2051-4531-A69C-1BBA2A287392}.Release|Any CPU.Build.0 = Release|Any CPU
		{1EFEC98E-B7A9-496D-882B-767FB7B5C5CA}.Debug|Any CPU.ActiveCfg = Debug|Any CPU
		{1EFEC98E-B7A9-496D-882B-767FB7B5C5CA}.Debug|Any CPU.Build.0 = Debug|Any CPU
		{1EFEC98E-B7A9-496D-882B-767FB7B5C5CA}.Release|Any CPU.ActiveCfg = Release|Any CPU
		{1EFEC98E-B7A9-496D-882B-767FB7B5C5CA}.Release|Any CPU.Build.0 = Release|Any CPU
		{46E1A53C-9BAB-4D98-A0E5-8971F70A0ED3}.Debug|Any CPU.ActiveCfg = Debug|Any CPU
		{46E1A53C-9BAB-4D98-A0E5-8971F70A0ED3}.Debug|Any CPU.Build.0 = Debug|Any CPU
		{46E1A53C-9BAB-4D98-A0E5-8971F70A0ED3}.Release|Any CPU.ActiveCfg = Release|Any CPU
		{46E1A53C-9BAB-4D98-A0E5-8971F70A0ED3}.Release|Any CPU.Build.0 = Release|Any CPU
		{BF2CB8C5-A381-4C03-97AB-32BB5BCF4825}.Debug|Any CPU.ActiveCfg = Debug|Any CPU
		{BF2CB8C5-A381-4C03-97AB-32BB5BCF4825}.Debug|Any CPU.Build.0 = Debug|Any CPU
		{BF2CB8C5-A381-4C03-97AB-32BB5BCF4825}.Release|Any CPU.ActiveCfg = Release|Any CPU
		{BF2CB8C5-A381-4C03-97AB-32BB5BCF4825}.Release|Any CPU.Build.0 = Release|Any CPU
	EndGlobalSection
	GlobalSection(SolutionProperties) = preSolution
		HideSolutionNode = FALSE
	EndGlobalSection
	GlobalSection(ExtensibilityGlobals) = postSolution
		SolutionGuid = {45E13251-4AA2-4D15-8A08-C48BA2CD8881}
	EndGlobalSection
EndGlobal
